// !$*UTF8*$!
{
	archiveVersion = 1;
	classes = {
	};
	objectVersion = 46;
	objects = {

/* Begin PBXBuildFile section */
		723CE1D51FA7D2B2001CF1DC /* RVOSimulator.swift in Sources */ = {isa = PBXBuildFile; fileRef = 723CE1D41FA7D2B2001CF1DC /* RVOSimulator.swift */; };
		7246E84A1F7FF2B500343083 /* Updatable.swift in Sources */ = {isa = PBXBuildFile; fileRef = 7246E8491F7FF2B400343083 /* Updatable.swift */; };
		725847FC1FADB7B800D4E15D /* RVOExample2Scene.swift in Sources */ = {isa = PBXBuildFile; fileRef = 725847FB1FADB7B800D4E15D /* RVOExample2Scene.swift */; };
		725847FE1FADB7F600D4E15D /* RVOExample2ViewController.swift in Sources */ = {isa = PBXBuildFile; fileRef = 725847FD1FADB7F600D4E15D /* RVOExample2ViewController.swift */; };
		726340511F9B3919009D91A4 /* ObstacleBuilder.swift in Sources */ = {isa = PBXBuildFile; fileRef = 726340501F9B3918009D91A4 /* ObstacleBuilder.swift */; };
		726340541F9B3923009D91A4 /* main.swift in Sources */ = {isa = PBXBuildFile; fileRef = 726340521F9B3923009D91A4 /* main.swift */; };
		726340551F9B3923009D91A4 /* TestingAppDelegate.swift in Sources */ = {isa = PBXBuildFile; fileRef = 726340531F9B3923009D91A4 /* TestingAppDelegate.swift */; };
		726340591F9B557A009D91A4 /* AgentKTree.swift in Sources */ = {isa = PBXBuildFile; fileRef = 726340581F9B5579009D91A4 /* AgentKTree.swift */; };
		7263405B1F9B55CB009D91A4 /* Agent.swift in Sources */ = {isa = PBXBuildFile; fileRef = 7263405A1F9B55CB009D91A4 /* Agent.swift */; };
		7263405D1F9BAFA1009D91A4 /* AgentKTreeTests.swift in Sources */ = {isa = PBXBuildFile; fileRef = 7263405C1F9BAFA1009D91A4 /* AgentKTreeTests.swift */; };
		72A184971F7FE49200BB16DB /* SteeringManager.swift in Sources */ = {isa = PBXBuildFile; fileRef = 72A184961F7FE49100BB16DB /* SteeringManager.swift */; };
		72A184991F7FE4F100BB16DB /* SteeringGroup.swift in Sources */ = {isa = PBXBuildFile; fileRef = 72A184981F7FE4F100BB16DB /* SteeringGroup.swift */; };
		72B0CE741F921B3E0082CF46 /* Obstacle.swift in Sources */ = {isa = PBXBuildFile; fileRef = 72B0CE731F921B3E0082CF46 /* Obstacle.swift */; };
		72B0CE781F92269B0082CF46 /* Vector.swift in Sources */ = {isa = PBXBuildFile; fileRef = 72B0CE771F92269B0082CF46 /* Vector.swift */; };
		72B0CE7A1F9226BE0082CF46 /* Math.swift in Sources */ = {isa = PBXBuildFile; fileRef = 72B0CE791F9226BE0082CF46 /* Math.swift */; };
		72B0CE7C1F92271F0082CF46 /* PointLineRelativePositionTests.swift in Sources */ = {isa = PBXBuildFile; fileRef = 72B0CE7B1F92271F0082CF46 /* PointLineRelativePositionTests.swift */; };
		72B0CE7E1F925D550082CF46 /* ObstacleTests.swift in Sources */ = {isa = PBXBuildFile; fileRef = 72B0CE7D1F925D550082CF46 /* ObstacleTests.swift */; };
		72B0CE821F92654A0082CF46 /* ObstacleKTree.swift in Sources */ = {isa = PBXBuildFile; fileRef = 72B0CE811F92654A0082CF46 /* ObstacleKTree.swift */; };
		72B0CE841F927A440082CF46 /* RVOConstans.swift in Sources */ = {isa = PBXBuildFile; fileRef = 72B0CE831F927A440082CF46 /* RVOConstans.swift */; };
		72B0CE861F927E4E0082CF46 /* ObstacleKTreeTests.swift in Sources */ = {isa = PBXBuildFile; fileRef = 72B0CE851F927E4E0082CF46 /* ObstacleKTreeTests.swift */; };
		72B0CE881F92AFAF0082CF46 /* MathTests.swift in Sources */ = {isa = PBXBuildFile; fileRef = 72B0CE871F92AFAF0082CF46 /* MathTests.swift */; };
		72B4532A1FA610B6005CDE8A /* RVOExample1.storyboard in Resources */ = {isa = PBXBuildFile; fileRef = 72B453291FA610B6005CDE8A /* RVOExample1.storyboard */; };
		72B4532C1FA61162005CDE8A /* RVOExample1ViewController.swift in Sources */ = {isa = PBXBuildFile; fileRef = 72B4532B1FA61162005CDE8A /* RVOExample1ViewController.swift */; };
		72B453301FA61328005CDE8A /* RVOExample1Scene.swift in Sources */ = {isa = PBXBuildFile; fileRef = 72B4532F1FA61328005CDE8A /* RVOExample1Scene.swift */; };
		72B453321FA6137D005CDE8A /* RVOAgentNode.swift in Sources */ = {isa = PBXBuildFile; fileRef = 72B453311FA6137D005CDE8A /* RVOAgentNode.swift */; };
		72B453341FA6152C005CDE8A /* RVOScene.sks in Resources */ = {isa = PBXBuildFile; fileRef = 72B453331FA6152C005CDE8A /* RVOScene.sks */; };
		72B453361FA629BB005CDE8A /* RVOAvoidanceNode.swift in Sources */ = {isa = PBXBuildFile; fileRef = 72B453351FA629BB005CDE8A /* RVOAvoidanceNode.swift */; };
		72C58F501FAA41CA0077FB2B /* RVOOptimalSimulator.swift in Sources */ = {isa = PBXBuildFile; fileRef = 72C58F4F1FAA41CA0077FB2B /* RVOOptimalSimulator.swift */; };
		72E581301FA9B6C900E0A127 /* RVOSimulatorTests.swift in Sources */ = {isa = PBXBuildFile; fileRef = 72E5812F1FA9B6C900E0A127 /* RVOSimulatorTests.swift */; };
		72FF33C41FA47F1500076D3B /* Line.swift in Sources */ = {isa = PBXBuildFile; fileRef = 72FF33C31FA47F1500076D3B /* Line.swift */; };
		72FF33C61FA5CE9C00076D3B /* AgentTests.swift in Sources */ = {isa = PBXBuildFile; fileRef = 72FF33C51FA5CE9C00076D3B /* AgentTests.swift */; };
		72FF33C81FA5E4F400076D3B /* LineComputerTests.swift in Sources */ = {isa = PBXBuildFile; fileRef = 72FF33C71FA5E4F400076D3B /* LineComputerTests.swift */; };
		AB1867011F779D9F000E0864 /* AppDelegate.swift in Sources */ = {isa = PBXBuildFile; fileRef = AB1867001F779D9F000E0864 /* AppDelegate.swift */; };
		AB1867031F779D9F000E0864 /* GameScene.sks in Resources */ = {isa = PBXBuildFile; fileRef = AB1867021F779D9F000E0864 /* GameScene.sks */; };
		AB1867051F779D9F000E0864 /* Actions.sks in Resources */ = {isa = PBXBuildFile; fileRef = AB1867041F779D9F000E0864 /* Actions.sks */; };
		AB1867071F779D9F000E0864 /* GameScene.swift in Sources */ = {isa = PBXBuildFile; fileRef = AB1867061F779D9F000E0864 /* GameScene.swift */; };
		AB1867091F779D9F000E0864 /* GameViewController.swift in Sources */ = {isa = PBXBuildFile; fileRef = AB1867081F779D9F000E0864 /* GameViewController.swift */; };
		AB18670C1F779D9F000E0864 /* Main.storyboard in Resources */ = {isa = PBXBuildFile; fileRef = AB18670A1F779D9F000E0864 /* Main.storyboard */; };
		AB18670E1F779D9F000E0864 /* Assets.xcassets in Resources */ = {isa = PBXBuildFile; fileRef = AB18670D1F779D9F000E0864 /* Assets.xcassets */; };
		AB1867111F779D9F000E0864 /* LaunchScreen.storyboard in Resources */ = {isa = PBXBuildFile; fileRef = AB18670F1F779D9F000E0864 /* LaunchScreen.storyboard */; };
		AB18671C1F779D9F000E0864 /* FlockingBehaviorTests.swift in Sources */ = {isa = PBXBuildFile; fileRef = AB18671B1F779D9F000E0864 /* FlockingBehaviorTests.swift */; };
		AB1867271F779D9F000E0864 /* FlockingBehaviorUITests.swift in Sources */ = {isa = PBXBuildFile; fileRef = AB1867261F779D9F000E0864 /* FlockingBehaviorUITests.swift */; };
		AB28D3961F7838A700BB1542 /* Constants.swift in Sources */ = {isa = PBXBuildFile; fileRef = AB28D3951F7838A700BB1542 /* Constants.swift */; };
		AB6349491F77A639002F5587 /* SteeringAgent.swift in Sources */ = {isa = PBXBuildFile; fileRef = AB6349481F77A639002F5587 /* SteeringAgent.swift */; };
		AB63494E1F77A746002F5587 /* SteeringBehavior.swift in Sources */ = {isa = PBXBuildFile; fileRef = AB63494D1F77A746002F5587 /* SteeringBehavior.swift */; };
		AB6349501F77AB5D002F5587 /* AgentNode.swift in Sources */ = {isa = PBXBuildFile; fileRef = AB63494F1F77AB5D002F5587 /* AgentNode.swift */; };
/* End PBXBuildFile section */

/* Begin PBXContainerItemProxy section */
		AB1867181F779D9F000E0864 /* PBXContainerItemProxy */ = {
			isa = PBXContainerItemProxy;
			containerPortal = AB1866F51F779D9F000E0864 /* Project object */;
			proxyType = 1;
			remoteGlobalIDString = AB1866FC1F779D9F000E0864;
			remoteInfo = FlockingBehavior;
		};
		AB1867231F779D9F000E0864 /* PBXContainerItemProxy */ = {
			isa = PBXContainerItemProxy;
			containerPortal = AB1866F51F779D9F000E0864 /* Project object */;
			proxyType = 1;
			remoteGlobalIDString = AB1866FC1F779D9F000E0864;
			remoteInfo = FlockingBehavior;
		};
/* End PBXContainerItemProxy section */

/* Begin PBXFileReference section */
		723CE1D41FA7D2B2001CF1DC /* RVOSimulator.swift */ = {isa = PBXFileReference; lastKnownFileType = sourcecode.swift; path = RVOSimulator.swift; sourceTree = "<group>"; };
		7246E8491F7FF2B400343083 /* Updatable.swift */ = {isa = PBXFileReference; lastKnownFileType = sourcecode.swift; path = Updatable.swift; sourceTree = "<group>"; };
		725847FB1FADB7B800D4E15D /* RVOExample2Scene.swift */ = {isa = PBXFileReference; lastKnownFileType = sourcecode.swift; path = RVOExample2Scene.swift; sourceTree = "<group>"; };
		725847FD1FADB7F600D4E15D /* RVOExample2ViewController.swift */ = {isa = PBXFileReference; lastKnownFileType = sourcecode.swift; path = RVOExample2ViewController.swift; sourceTree = "<group>"; };
		726340501F9B3918009D91A4 /* ObstacleBuilder.swift */ = {isa = PBXFileReference; fileEncoding = 4; lastKnownFileType = sourcecode.swift; path = ObstacleBuilder.swift; sourceTree = "<group>"; };
		726340521F9B3923009D91A4 /* main.swift */ = {isa = PBXFileReference; fileEncoding = 4; lastKnownFileType = sourcecode.swift; path = main.swift; sourceTree = "<group>"; };
		726340531F9B3923009D91A4 /* TestingAppDelegate.swift */ = {isa = PBXFileReference; fileEncoding = 4; lastKnownFileType = sourcecode.swift; path = TestingAppDelegate.swift; sourceTree = "<group>"; };
		726340581F9B5579009D91A4 /* AgentKTree.swift */ = {isa = PBXFileReference; fileEncoding = 4; lastKnownFileType = sourcecode.swift; path = AgentKTree.swift; sourceTree = "<group>"; };
		7263405A1F9B55CB009D91A4 /* Agent.swift */ = {isa = PBXFileReference; lastKnownFileType = sourcecode.swift; path = Agent.swift; sourceTree = "<group>"; };
		7263405C1F9BAFA1009D91A4 /* AgentKTreeTests.swift */ = {isa = PBXFileReference; lastKnownFileType = sourcecode.swift; path = AgentKTreeTests.swift; sourceTree = "<group>"; };
		72A184961F7FE49100BB16DB /* SteeringManager.swift */ = {isa = PBXFileReference; fileEncoding = 4; lastKnownFileType = sourcecode.swift; path = SteeringManager.swift; sourceTree = "<group>"; };
		72A184981F7FE4F100BB16DB /* SteeringGroup.swift */ = {isa = PBXFileReference; lastKnownFileType = sourcecode.swift; path = SteeringGroup.swift; sourceTree = "<group>"; };
		72B0CE731F921B3E0082CF46 /* Obstacle.swift */ = {isa = PBXFileReference; lastKnownFileType = sourcecode.swift; path = Obstacle.swift; sourceTree = "<group>"; };
		72B0CE771F92269B0082CF46 /* Vector.swift */ = {isa = PBXFileReference; fileEncoding = 4; lastKnownFileType = sourcecode.swift; path = Vector.swift; sourceTree = "<group>"; };
		72B0CE791F9226BE0082CF46 /* Math.swift */ = {isa = PBXFileReference; lastKnownFileType = sourcecode.swift; path = Math.swift; sourceTree = "<group>"; };
		72B0CE7B1F92271F0082CF46 /* PointLineRelativePositionTests.swift */ = {isa = PBXFileReference; lastKnownFileType = sourcecode.swift; path = PointLineRelativePositionTests.swift; sourceTree = "<group>"; };
		72B0CE7D1F925D550082CF46 /* ObstacleTests.swift */ = {isa = PBXFileReference; lastKnownFileType = sourcecode.swift; path = ObstacleTests.swift; sourceTree = "<group>"; };
		72B0CE811F92654A0082CF46 /* ObstacleKTree.swift */ = {isa = PBXFileReference; lastKnownFileType = sourcecode.swift; path = ObstacleKTree.swift; sourceTree = "<group>"; };
		72B0CE831F927A440082CF46 /* RVOConstans.swift */ = {isa = PBXFileReference; lastKnownFileType = sourcecode.swift; path = RVOConstans.swift; sourceTree = "<group>"; };
		72B0CE851F927E4E0082CF46 /* ObstacleKTreeTests.swift */ = {isa = PBXFileReference; lastKnownFileType = sourcecode.swift; path = ObstacleKTreeTests.swift; sourceTree = "<group>"; };
		72B0CE871F92AFAF0082CF46 /* MathTests.swift */ = {isa = PBXFileReference; lastKnownFileType = sourcecode.swift; path = MathTests.swift; sourceTree = "<group>"; };
		72B453291FA610B6005CDE8A /* RVOExample1.storyboard */ = {isa = PBXFileReference; lastKnownFileType = file.storyboard; path = RVOExample1.storyboard; sourceTree = "<group>"; };
		72B4532B1FA61162005CDE8A /* RVOExample1ViewController.swift */ = {isa = PBXFileReference; lastKnownFileType = sourcecode.swift; path = RVOExample1ViewController.swift; sourceTree = "<group>"; };
		72B4532F1FA61328005CDE8A /* RVOExample1Scene.swift */ = {isa = PBXFileReference; lastKnownFileType = sourcecode.swift; path = RVOExample1Scene.swift; sourceTree = "<group>"; };
		72B453311FA6137D005CDE8A /* RVOAgentNode.swift */ = {isa = PBXFileReference; lastKnownFileType = sourcecode.swift; path = RVOAgentNode.swift; sourceTree = "<group>"; };
		72B453331FA6152C005CDE8A /* RVOScene.sks */ = {isa = PBXFileReference; lastKnownFileType = file.sks; path = RVOScene.sks; sourceTree = "<group>"; };
		72B453351FA629BB005CDE8A /* RVOAvoidanceNode.swift */ = {isa = PBXFileReference; lastKnownFileType = sourcecode.swift; path = RVOAvoidanceNode.swift; sourceTree = "<group>"; };
		72C58F4F1FAA41CA0077FB2B /* RVOOptimalSimulator.swift */ = {isa = PBXFileReference; lastKnownFileType = sourcecode.swift; path = RVOOptimalSimulator.swift; sourceTree = "<group>"; };
		72E5812F1FA9B6C900E0A127 /* RVOSimulatorTests.swift */ = {isa = PBXFileReference; lastKnownFileType = sourcecode.swift; path = RVOSimulatorTests.swift; sourceTree = "<group>"; };
		72FF33C31FA47F1500076D3B /* Line.swift */ = {isa = PBXFileReference; lastKnownFileType = sourcecode.swift; path = Line.swift; sourceTree = "<group>"; };
		72FF33C51FA5CE9C00076D3B /* AgentTests.swift */ = {isa = PBXFileReference; lastKnownFileType = sourcecode.swift; path = AgentTests.swift; sourceTree = "<group>"; };
		72FF33C71FA5E4F400076D3B /* LineComputerTests.swift */ = {isa = PBXFileReference; lastKnownFileType = sourcecode.swift; path = LineComputerTests.swift; sourceTree = "<group>"; };
		AB1866FD1F779D9F000E0864 /* FlockingBehavior.app */ = {isa = PBXFileReference; explicitFileType = wrapper.application; includeInIndex = 0; path = FlockingBehavior.app; sourceTree = BUILT_PRODUCTS_DIR; };
		AB1867001F779D9F000E0864 /* AppDelegate.swift */ = {isa = PBXFileReference; lastKnownFileType = sourcecode.swift; path = AppDelegate.swift; sourceTree = "<group>"; };
		AB1867021F779D9F000E0864 /* GameScene.sks */ = {isa = PBXFileReference; lastKnownFileType = file.sks; path = GameScene.sks; sourceTree = "<group>"; };
		AB1867041F779D9F000E0864 /* Actions.sks */ = {isa = PBXFileReference; lastKnownFileType = file.sks; path = Actions.sks; sourceTree = "<group>"; };
		AB1867061F779D9F000E0864 /* GameScene.swift */ = {isa = PBXFileReference; lastKnownFileType = sourcecode.swift; path = GameScene.swift; sourceTree = "<group>"; };
		AB1867081F779D9F000E0864 /* GameViewController.swift */ = {isa = PBXFileReference; lastKnownFileType = sourcecode.swift; path = GameViewController.swift; sourceTree = "<group>"; };
		AB18670B1F779D9F000E0864 /* Base */ = {isa = PBXFileReference; lastKnownFileType = file.storyboard; name = Base; path = Base.lproj/Main.storyboard; sourceTree = "<group>"; };
		AB18670D1F779D9F000E0864 /* Assets.xcassets */ = {isa = PBXFileReference; lastKnownFileType = folder.assetcatalog; path = Assets.xcassets; sourceTree = "<group>"; };
		AB1867101F779D9F000E0864 /* Base */ = {isa = PBXFileReference; lastKnownFileType = file.storyboard; name = Base; path = Base.lproj/LaunchScreen.storyboard; sourceTree = "<group>"; };
		AB1867121F779D9F000E0864 /* Info.plist */ = {isa = PBXFileReference; lastKnownFileType = text.plist.xml; path = Info.plist; sourceTree = "<group>"; };
		AB1867171F779D9F000E0864 /* FlockingBehaviorTests.xctest */ = {isa = PBXFileReference; explicitFileType = wrapper.cfbundle; includeInIndex = 0; path = FlockingBehaviorTests.xctest; sourceTree = BUILT_PRODUCTS_DIR; };
		AB18671B1F779D9F000E0864 /* FlockingBehaviorTests.swift */ = {isa = PBXFileReference; lastKnownFileType = sourcecode.swift; path = FlockingBehaviorTests.swift; sourceTree = "<group>"; };
		AB18671D1F779D9F000E0864 /* Info.plist */ = {isa = PBXFileReference; lastKnownFileType = text.plist.xml; path = Info.plist; sourceTree = "<group>"; };
		AB1867221F779D9F000E0864 /* FlockingBehaviorUITests.xctest */ = {isa = PBXFileReference; explicitFileType = wrapper.cfbundle; includeInIndex = 0; path = FlockingBehaviorUITests.xctest; sourceTree = BUILT_PRODUCTS_DIR; };
		AB1867261F779D9F000E0864 /* FlockingBehaviorUITests.swift */ = {isa = PBXFileReference; lastKnownFileType = sourcecode.swift; path = FlockingBehaviorUITests.swift; sourceTree = "<group>"; };
		AB1867281F779D9F000E0864 /* Info.plist */ = {isa = PBXFileReference; lastKnownFileType = text.plist.xml; path = Info.plist; sourceTree = "<group>"; };
		AB28D3951F7838A700BB1542 /* Constants.swift */ = {isa = PBXFileReference; fileEncoding = 4; lastKnownFileType = sourcecode.swift; path = Constants.swift; sourceTree = "<group>"; };
		AB6349481F77A639002F5587 /* SteeringAgent.swift */ = {isa = PBXFileReference; fileEncoding = 4; lastKnownFileType = sourcecode.swift; path = SteeringAgent.swift; sourceTree = "<group>"; };
		AB63494D1F77A746002F5587 /* SteeringBehavior.swift */ = {isa = PBXFileReference; fileEncoding = 4; lastKnownFileType = sourcecode.swift; path = SteeringBehavior.swift; sourceTree = "<group>"; };
		AB63494F1F77AB5D002F5587 /* AgentNode.swift */ = {isa = PBXFileReference; fileEncoding = 4; lastKnownFileType = sourcecode.swift; path = AgentNode.swift; sourceTree = "<group>"; };
/* End PBXFileReference section */

/* Begin PBXFrameworksBuildPhase section */
		AB1866FA1F779D9F000E0864 /* Frameworks */ = {
			isa = PBXFrameworksBuildPhase;
			buildActionMask = 2147483647;
			files = (
			);
			runOnlyForDeploymentPostprocessing = 0;
		};
		AB1867141F779D9F000E0864 /* Frameworks */ = {
			isa = PBXFrameworksBuildPhase;
			buildActionMask = 2147483647;
			files = (
			);
			runOnlyForDeploymentPostprocessing = 0;
		};
		AB18671F1F779D9F000E0864 /* Frameworks */ = {
			isa = PBXFrameworksBuildPhase;
			buildActionMask = 2147483647;
			files = (
			);
			runOnlyForDeploymentPostprocessing = 0;
		};
/* End PBXFrameworksBuildPhase section */

/* Begin PBXGroup section */
		725847FF1FADB86000D4E15D /* Example1 */ = {
			isa = PBXGroup;
			children = (
				72B453291FA610B6005CDE8A /* RVOExample1.storyboard */,
				72B4532B1FA61162005CDE8A /* RVOExample1ViewController.swift */,
				72B4532F1FA61328005CDE8A /* RVOExample1Scene.swift */,
			);
			name = Example1;
			sourceTree = "<group>";
		};
		725848001FADB87800D4E15D /* Core */ = {
			isa = PBXGroup;
			children = (
				7263405A1F9B55CB009D91A4 /* Agent.swift */,
				726340581F9B5579009D91A4 /* AgentKTree.swift */,
				726340501F9B3918009D91A4 /* ObstacleBuilder.swift */,
				72B0CE731F921B3E0082CF46 /* Obstacle.swift */,
				72B0CE811F92654A0082CF46 /* ObstacleKTree.swift */,
				72B0CE831F927A440082CF46 /* RVOConstans.swift */,
			);
			name = Core;
			sourceTree = "<group>";
		};
		725848011FADB88900D4E15D /* Examples */ = {
			isa = PBXGroup;
			children = (
				725848041FADB8EE00D4E15D /* Common */,
				725847FF1FADB86000D4E15D /* Example1 */,
				725848031FADB8BD00D4E15D /* Example2 */,
			);
			name = Examples;
			sourceTree = "<group>";
		};
		725848021FADB89900D4E15D /* Simulator */ = {
			isa = PBXGroup;
			children = (
				723CE1D41FA7D2B2001CF1DC /* RVOSimulator.swift */,
				72C58F4F1FAA41CA0077FB2B /* RVOOptimalSimulator.swift */,
			);
			name = Simulator;
			sourceTree = "<group>";
		};
		725848031FADB8BD00D4E15D /* Example2 */ = {
			isa = PBXGroup;
			children = (
				725847FD1FADB7F600D4E15D /* RVOExample2ViewController.swift */,
				725847FB1FADB7B800D4E15D /* RVOExample2Scene.swift */,
			);
			name = Example2;
			sourceTree = "<group>";
		};
		725848041FADB8EE00D4E15D /* Common */ = {
			isa = PBXGroup;
			children = (
				72B453311FA6137D005CDE8A /* RVOAgentNode.swift */,
				72B453331FA6152C005CDE8A /* RVOScene.sks */,
				72B453351FA629BB005CDE8A /* RVOAvoidanceNode.swift */,
			);
			name = Common;
			sourceTree = "<group>";
		};
		72B0CE721F921B200082CF46 /* RVO */ = {
			isa = PBXGroup;
			children = (
				725848021FADB89900D4E15D /* Simulator */,
				725848011FADB88900D4E15D /* Examples */,
				725848001FADB87800D4E15D /* Core */,
			);
			name = RVO;
			sourceTree = "<group>";
		};
		AB1866F41F779D9F000E0864 = {
			isa = PBXGroup;
			children = (
				AB1866FF1F779D9F000E0864 /* FlockingBehavior */,
				AB18671A1F779D9F000E0864 /* FlockingBehaviorTests */,
				AB1867251F779D9F000E0864 /* FlockingBehaviorUITests */,
				AB1866FE1F779D9F000E0864 /* Products */,
			);
			sourceTree = "<group>";
		};
		AB1866FE1F779D9F000E0864 /* Products */ = {
			isa = PBXGroup;
			children = (
				AB1866FD1F779D9F000E0864 /* FlockingBehavior.app */,
				AB1867171F779D9F000E0864 /* FlockingBehaviorTests.xctest */,
				AB1867221F779D9F000E0864 /* FlockingBehaviorUITests.xctest */,
			);
			name = Products;
			sourceTree = "<group>";
		};
		AB1866FF1F779D9F000E0864 /* FlockingBehavior */ = {
			isa = PBXGroup;
			children = (
				72B0CE721F921B200082CF46 /* RVO */,
				AB63494A1F77A65C002F5587 /* Math */,
				AB6349471F77A619002F5587 /* Core */,
				AB1867001F779D9F000E0864 /* AppDelegate.swift */,
				726340531F9B3923009D91A4 /* TestingAppDelegate.swift */,
				726340521F9B3923009D91A4 /* main.swift */,
				AB63494F1F77AB5D002F5587 /* AgentNode.swift */,
				AB1867021F779D9F000E0864 /* GameScene.sks */,
				AB1867041F779D9F000E0864 /* Actions.sks */,
				AB1867061F779D9F000E0864 /* GameScene.swift */,
				AB1867081F779D9F000E0864 /* GameViewController.swift */,
				AB28D3951F7838A700BB1542 /* Constants.swift */,
				AB18670A1F779D9F000E0864 /* Main.storyboard */,
				AB18670D1F779D9F000E0864 /* Assets.xcassets */,
				AB18670F1F779D9F000E0864 /* LaunchScreen.storyboard */,
				AB1867121F779D9F000E0864 /* Info.plist */,
			);
			path = FlockingBehavior;
			sourceTree = "<group>";
		};
		AB18671A1F779D9F000E0864 /* FlockingBehaviorTests */ = {
			isa = PBXGroup;
			children = (
				AB18671B1F779D9F000E0864 /* FlockingBehaviorTests.swift */,
				AB18671D1F779D9F000E0864 /* Info.plist */,
				72B0CE7B1F92271F0082CF46 /* PointLineRelativePositionTests.swift */,
				7263405C1F9BAFA1009D91A4 /* AgentKTreeTests.swift */,
				72FF33C51FA5CE9C00076D3B /* AgentTests.swift */,
				72B0CE7D1F925D550082CF46 /* ObstacleTests.swift */,
				72B0CE851F927E4E0082CF46 /* ObstacleKTreeTests.swift */,
				72B0CE871F92AFAF0082CF46 /* MathTests.swift */,
				72FF33C71FA5E4F400076D3B /* LineComputerTests.swift */,
				72E5812F1FA9B6C900E0A127 /* RVOSimulatorTests.swift */,
			);
			path = FlockingBehaviorTests;
			sourceTree = "<group>";
		};
		AB1867251F779D9F000E0864 /* FlockingBehaviorUITests */ = {
			isa = PBXGroup;
			children = (
				AB1867261F779D9F000E0864 /* FlockingBehaviorUITests.swift */,
				AB1867281F779D9F000E0864 /* Info.plist */,
			);
			path = FlockingBehaviorUITests;
			sourceTree = "<group>";
		};
		AB6349471F77A619002F5587 /* Core */ = {
			isa = PBXGroup;
			children = (
				72A184961F7FE49100BB16DB /* SteeringManager.swift */,
				AB6349481F77A639002F5587 /* SteeringAgent.swift */,
				AB63494D1F77A746002F5587 /* SteeringBehavior.swift */,
				72A184981F7FE4F100BB16DB /* SteeringGroup.swift */,
				7246E8491F7FF2B400343083 /* Updatable.swift */,
			);
			name = Core;
			sourceTree = "<group>";
		};
		AB63494A1F77A65C002F5587 /* Math */ = {
			isa = PBXGroup;
			children = (
				72B0CE771F92269B0082CF46 /* Vector.swift */,
				72B0CE791F9226BE0082CF46 /* Math.swift */,
				72FF33C31FA47F1500076D3B /* Line.swift */,
			);
			name = Math;
			sourceTree = "<group>";
		};
/* End PBXGroup section */

/* Begin PBXNativeTarget section */
		AB1866FC1F779D9F000E0864 /* FlockingBehavior */ = {
			isa = PBXNativeTarget;
			buildConfigurationList = AB18672B1F779D9F000E0864 /* Build configuration list for PBXNativeTarget "FlockingBehavior" */;
			buildPhases = (
				AB1866F91F779D9F000E0864 /* Sources */,
				AB1866FA1F779D9F000E0864 /* Frameworks */,
				AB1866FB1F779D9F000E0864 /* Resources */,
			);
			buildRules = (
			);
			dependencies = (
			);
			name = FlockingBehavior;
			productName = FlockingBehavior;
			productReference = AB1866FD1F779D9F000E0864 /* FlockingBehavior.app */;
			productType = "com.apple.product-type.application";
		};
		AB1867161F779D9F000E0864 /* FlockingBehaviorTests */ = {
			isa = PBXNativeTarget;
			buildConfigurationList = AB18672E1F779D9F000E0864 /* Build configuration list for PBXNativeTarget "FlockingBehaviorTests" */;
			buildPhases = (
				AB1867131F779D9F000E0864 /* Sources */,
				AB1867141F779D9F000E0864 /* Frameworks */,
				AB1867151F779D9F000E0864 /* Resources */,
			);
			buildRules = (
			);
			dependencies = (
				AB1867191F779D9F000E0864 /* PBXTargetDependency */,
			);
			name = FlockingBehaviorTests;
			productName = FlockingBehaviorTests;
			productReference = AB1867171F779D9F000E0864 /* FlockingBehaviorTests.xctest */;
			productType = "com.apple.product-type.bundle.unit-test";
		};
		AB1867211F779D9F000E0864 /* FlockingBehaviorUITests */ = {
			isa = PBXNativeTarget;
			buildConfigurationList = AB1867311F779D9F000E0864 /* Build configuration list for PBXNativeTarget "FlockingBehaviorUITests" */;
			buildPhases = (
				AB18671E1F779D9F000E0864 /* Sources */,
				AB18671F1F779D9F000E0864 /* Frameworks */,
				AB1867201F779D9F000E0864 /* Resources */,
			);
			buildRules = (
			);
			dependencies = (
				AB1867241F779D9F000E0864 /* PBXTargetDependency */,
			);
			name = FlockingBehaviorUITests;
			productName = FlockingBehaviorUITests;
			productReference = AB1867221F779D9F000E0864 /* FlockingBehaviorUITests.xctest */;
			productType = "com.apple.product-type.bundle.ui-testing";
		};
/* End PBXNativeTarget section */

/* Begin PBXProject section */
		AB1866F51F779D9F000E0864 /* Project object */ = {
			isa = PBXProject;
			attributes = {
				LastSwiftUpdateCheck = 0830;
				LastUpgradeCheck = 0830;
				ORGANIZATIONNAME = quoc;
				TargetAttributes = {
					AB1866FC1F779D9F000E0864 = {
						CreatedOnToolsVersion = 8.3.3;
						LastSwiftMigration = 0900;
						ProvisioningStyle = Automatic;
					};
					AB1867161F779D9F000E0864 = {
						CreatedOnToolsVersion = 8.3.3;
						DevelopmentTeam = 2U9LJ49V7G;
						LastSwiftMigration = 0900;
						ProvisioningStyle = Automatic;
						TestTargetID = AB1866FC1F779D9F000E0864;
					};
					AB1867211F779D9F000E0864 = {
						CreatedOnToolsVersion = 8.3.3;
						DevelopmentTeam = 2U9LJ49V7G;
						LastSwiftMigration = 0900;
						ProvisioningStyle = Automatic;
						TestTargetID = AB1866FC1F779D9F000E0864;
					};
				};
			};
			buildConfigurationList = AB1866F81F779D9F000E0864 /* Build configuration list for PBXProject "FlockingBehavior" */;
			compatibilityVersion = "Xcode 3.2";
			developmentRegion = English;
			hasScannedForEncodings = 0;
			knownRegions = (
				en,
				Base,
			);
			mainGroup = AB1866F41F779D9F000E0864;
			productRefGroup = AB1866FE1F779D9F000E0864 /* Products */;
			projectDirPath = "";
			projectRoot = "";
			targets = (
				AB1866FC1F779D9F000E0864 /* FlockingBehavior */,
				AB1867161F779D9F000E0864 /* FlockingBehaviorTests */,
				AB1867211F779D9F000E0864 /* FlockingBehaviorUITests */,
			);
		};
/* End PBXProject section */

/* Begin PBXResourcesBuildPhase section */
		AB1866FB1F779D9F000E0864 /* Resources */ = {
			isa = PBXResourcesBuildPhase;
			buildActionMask = 2147483647;
			files = (
				AB18670C1F779D9F000E0864 /* Main.storyboard in Resources */,
				AB1867031F779D9F000E0864 /* GameScene.sks in Resources */,
				AB18670E1F779D9F000E0864 /* Assets.xcassets in Resources */,
				AB1867111F779D9F000E0864 /* LaunchScreen.storyboard in Resources */,
				AB1867051F779D9F000E0864 /* Actions.sks in Resources */,
				72B453341FA6152C005CDE8A /* RVOScene.sks in Resources */,
				72B4532A1FA610B6005CDE8A /* RVOExample1.storyboard in Resources */,
			);
			runOnlyForDeploymentPostprocessing = 0;
		};
		AB1867151F779D9F000E0864 /* Resources */ = {
			isa = PBXResourcesBuildPhase;
			buildActionMask = 2147483647;
			files = (
			);
			runOnlyForDeploymentPostprocessing = 0;
		};
		AB1867201F779D9F000E0864 /* Resources */ = {
			isa = PBXResourcesBuildPhase;
			buildActionMask = 2147483647;
			files = (
			);
			runOnlyForDeploymentPostprocessing = 0;
		};
/* End PBXResourcesBuildPhase section */

/* Begin PBXSourcesBuildPhase section */
		AB1866F91F779D9F000E0864 /* Sources */ = {
			isa = PBXSourcesBuildPhase;
			buildActionMask = 2147483647;
			files = (
				725847FC1FADB7B800D4E15D /* RVOExample2Scene.swift in Sources */,
				AB1867071F779D9F000E0864 /* GameScene.swift in Sources */,
				7263405B1F9B55CB009D91A4 /* Agent.swift in Sources */,
				726340541F9B3923009D91A4 /* main.swift in Sources */,
				72B0CE781F92269B0082CF46 /* Vector.swift in Sources */,
				723CE1D51FA7D2B2001CF1DC /* RVOSimulator.swift in Sources */,
				72B453361FA629BB005CDE8A /* RVOAvoidanceNode.swift in Sources */,
				72B0CE7A1F9226BE0082CF46 /* Math.swift in Sources */,
				72B4532C1FA61162005CDE8A /* RVOExample1ViewController.swift in Sources */,
				AB6349491F77A639002F5587 /* SteeringAgent.swift in Sources */,
				726340511F9B3919009D91A4 /* ObstacleBuilder.swift in Sources */,
				72B0CE741F921B3E0082CF46 /* Obstacle.swift in Sources */,
				72A184971F7FE49200BB16DB /* SteeringManager.swift in Sources */,
				7246E84A1F7FF2B500343083 /* Updatable.swift in Sources */,
				72C58F501FAA41CA0077FB2B /* RVOOptimalSimulator.swift in Sources */,
				72A184991F7FE4F100BB16DB /* SteeringGroup.swift in Sources */,
				726340591F9B557A009D91A4 /* AgentKTree.swift in Sources */,
				72FF33C41FA47F1500076D3B /* Line.swift in Sources */,
				AB1867091F779D9F000E0864 /* GameViewController.swift in Sources */,
				72B0CE821F92654A0082CF46 /* ObstacleKTree.swift in Sources */,
				725847FE1FADB7F600D4E15D /* RVOExample2ViewController.swift in Sources */,
				AB63494E1F77A746002F5587 /* SteeringBehavior.swift in Sources */,
				72B0CE841F927A440082CF46 /* RVOConstans.swift in Sources */,
				AB1867011F779D9F000E0864 /* AppDelegate.swift in Sources */,
				726340551F9B3923009D91A4 /* TestingAppDelegate.swift in Sources */,
				72B453321FA6137D005CDE8A /* RVOAgentNode.swift in Sources */,
				AB6349501F77AB5D002F5587 /* AgentNode.swift in Sources */,
				72B453301FA61328005CDE8A /* RVOExample1Scene.swift in Sources */,
				AB28D3961F7838A700BB1542 /* Constants.swift in Sources */,
			);
			runOnlyForDeploymentPostprocessing = 0;
		};
		AB1867131F779D9F000E0864 /* Sources */ = {
			isa = PBXSourcesBuildPhase;
			buildActionMask = 2147483647;
			files = (
				72B0CE7E1F925D550082CF46 /* ObstacleTests.swift in Sources */,
				72E581301FA9B6C900E0A127 /* RVOSimulatorTests.swift in Sources */,
				72B0CE881F92AFAF0082CF46 /* MathTests.swift in Sources */,
				72FF33C81FA5E4F400076D3B /* LineComputerTests.swift in Sources */,
				AB18671C1F779D9F000E0864 /* FlockingBehaviorTests.swift in Sources */,
				72B0CE861F927E4E0082CF46 /* ObstacleKTreeTests.swift in Sources */,
				72FF33C61FA5CE9C00076D3B /* AgentTests.swift in Sources */,
				72B0CE7C1F92271F0082CF46 /* PointLineRelativePositionTests.swift in Sources */,
				7263405D1F9BAFA1009D91A4 /* AgentKTreeTests.swift in Sources */,
			);
			runOnlyForDeploymentPostprocessing = 0;
		};
		AB18671E1F779D9F000E0864 /* Sources */ = {
			isa = PBXSourcesBuildPhase;
			buildActionMask = 2147483647;
			files = (
				AB1867271F779D9F000E0864 /* FlockingBehaviorUITests.swift in Sources */,
			);
			runOnlyForDeploymentPostprocessing = 0;
		};
/* End PBXSourcesBuildPhase section */

/* Begin PBXTargetDependency section */
		AB1867191F779D9F000E0864 /* PBXTargetDependency */ = {
			isa = PBXTargetDependency;
			target = AB1866FC1F779D9F000E0864 /* FlockingBehavior */;
			targetProxy = AB1867181F779D9F000E0864 /* PBXContainerItemProxy */;
		};
		AB1867241F779D9F000E0864 /* PBXTargetDependency */ = {
			isa = PBXTargetDependency;
			target = AB1866FC1F779D9F000E0864 /* FlockingBehavior */;
			targetProxy = AB1867231F779D9F000E0864 /* PBXContainerItemProxy */;
		};
/* End PBXTargetDependency section */

/* Begin PBXVariantGroup section */
		AB18670A1F779D9F000E0864 /* Main.storyboard */ = {
			isa = PBXVariantGroup;
			children = (
				AB18670B1F779D9F000E0864 /* Base */,
			);
			name = Main.storyboard;
			sourceTree = "<group>";
		};
		AB18670F1F779D9F000E0864 /* LaunchScreen.storyboard */ = {
			isa = PBXVariantGroup;
			children = (
				AB1867101F779D9F000E0864 /* Base */,
			);
			name = LaunchScreen.storyboard;
			sourceTree = "<group>";
		};
/* End PBXVariantGroup section */

/* Begin XCBuildConfiguration section */
		AB1867291F779D9F000E0864 /* Debug */ = {
			isa = XCBuildConfiguration;
			buildSettings = {
				ALWAYS_SEARCH_USER_PATHS = NO;
				CLANG_ANALYZER_NONNULL = YES;
				CLANG_ANALYZER_NUMBER_OBJECT_CONVERSION = YES_AGGRESSIVE;
				CLANG_CXX_LANGUAGE_STANDARD = "gnu++0x";
				CLANG_CXX_LIBRARY = "libc++";
				CLANG_ENABLE_MODULES = YES;
				CLANG_ENABLE_OBJC_ARC = YES;
				CLANG_WARN_BOOL_CONVERSION = YES;
				CLANG_WARN_CONSTANT_CONVERSION = YES;
				CLANG_WARN_DIRECT_OBJC_ISA_USAGE = YES_ERROR;
				CLANG_WARN_DOCUMENTATION_COMMENTS = YES;
				CLANG_WARN_EMPTY_BODY = YES;
				CLANG_WARN_ENUM_CONVERSION = YES;
				CLANG_WARN_INFINITE_RECURSION = YES;
				CLANG_WARN_INT_CONVERSION = YES;
				CLANG_WARN_OBJC_ROOT_CLASS = YES_ERROR;
				CLANG_WARN_SUSPICIOUS_MOVE = YES;
				CLANG_WARN_UNREACHABLE_CODE = YES;
				CLANG_WARN__DUPLICATE_METHOD_MATCH = YES;
				"CODE_SIGN_IDENTITY[sdk=iphoneos*]" = "iPhone Developer";
				COPY_PHASE_STRIP = NO;
				DEBUG_INFORMATION_FORMAT = dwarf;
				ENABLE_STRICT_OBJC_MSGSEND = YES;
				ENABLE_TESTABILITY = YES;
				GCC_C_LANGUAGE_STANDARD = gnu99;
				GCC_DYNAMIC_NO_PIC = NO;
				GCC_NO_COMMON_BLOCKS = YES;
				GCC_OPTIMIZATION_LEVEL = 0;
				GCC_PREPROCESSOR_DEFINITIONS = (
					"DEBUG=1",
					"$(inherited)",
				);
				GCC_WARN_64_TO_32_BIT_CONVERSION = YES;
				GCC_WARN_ABOUT_RETURN_TYPE = YES_ERROR;
				GCC_WARN_UNDECLARED_SELECTOR = YES;
				GCC_WARN_UNINITIALIZED_AUTOS = YES_AGGRESSIVE;
				GCC_WARN_UNUSED_FUNCTION = YES;
				GCC_WARN_UNUSED_VARIABLE = YES;
				IPHONEOS_DEPLOYMENT_TARGET = 10.3;
				MTL_ENABLE_DEBUG_INFO = YES;
				ONLY_ACTIVE_ARCH = YES;
				SDKROOT = iphoneos;
				SWIFT_ACTIVE_COMPILATION_CONDITIONS = DEBUG;
				SWIFT_OPTIMIZATION_LEVEL = "-Onone";
				TARGETED_DEVICE_FAMILY = "1,2";
			};
			name = Debug;
		};
		AB18672A1F779D9F000E0864 /* Release */ = {
			isa = XCBuildConfiguration;
			buildSettings = {
				ALWAYS_SEARCH_USER_PATHS = NO;
				CLANG_ANALYZER_NONNULL = YES;
				CLANG_ANALYZER_NUMBER_OBJECT_CONVERSION = YES_AGGRESSIVE;
				CLANG_CXX_LANGUAGE_STANDARD = "gnu++0x";
				CLANG_CXX_LIBRARY = "libc++";
				CLANG_ENABLE_MODULES = YES;
				CLANG_ENABLE_OBJC_ARC = YES;
				CLANG_WARN_BOOL_CONVERSION = YES;
				CLANG_WARN_CONSTANT_CONVERSION = YES;
				CLANG_WARN_DIRECT_OBJC_ISA_USAGE = YES_ERROR;
				CLANG_WARN_DOCUMENTATION_COMMENTS = YES;
				CLANG_WARN_EMPTY_BODY = YES;
				CLANG_WARN_ENUM_CONVERSION = YES;
				CLANG_WARN_INFINITE_RECURSION = YES;
				CLANG_WARN_INT_CONVERSION = YES;
				CLANG_WARN_OBJC_ROOT_CLASS = YES_ERROR;
				CLANG_WARN_SUSPICIOUS_MOVE = YES;
				CLANG_WARN_UNREACHABLE_CODE = YES;
				CLANG_WARN__DUPLICATE_METHOD_MATCH = YES;
				"CODE_SIGN_IDENTITY[sdk=iphoneos*]" = "iPhone Developer";
				COPY_PHASE_STRIP = NO;
				DEBUG_INFORMATION_FORMAT = "dwarf-with-dsym";
				ENABLE_NS_ASSERTIONS = NO;
				ENABLE_STRICT_OBJC_MSGSEND = YES;
				GCC_C_LANGUAGE_STANDARD = gnu99;
				GCC_NO_COMMON_BLOCKS = YES;
				GCC_WARN_64_TO_32_BIT_CONVERSION = YES;
				GCC_WARN_ABOUT_RETURN_TYPE = YES_ERROR;
				GCC_WARN_UNDECLARED_SELECTOR = YES;
				GCC_WARN_UNINITIALIZED_AUTOS = YES_AGGRESSIVE;
				GCC_WARN_UNUSED_FUNCTION = YES;
				GCC_WARN_UNUSED_VARIABLE = YES;
				IPHONEOS_DEPLOYMENT_TARGET = 10.3;
				MTL_ENABLE_DEBUG_INFO = NO;
				SDKROOT = iphoneos;
				SWIFT_OPTIMIZATION_LEVEL = "-Owholemodule";
				TARGETED_DEVICE_FAMILY = "1,2";
				VALIDATE_PRODUCT = YES;
			};
			name = Release;
		};
		AB18672C1F779D9F000E0864 /* Debug */ = {
			isa = XCBuildConfiguration;
			buildSettings = {
				ASSETCATALOG_COMPILER_APPICON_NAME = AppIcon;
				DEVELOPMENT_TEAM = "";
				INFOPLIST_FILE = FlockingBehavior/Info.plist;
				LD_RUNPATH_SEARCH_PATHS = "$(inherited) @executable_path/Frameworks";
				PRODUCT_BUNDLE_IDENTIFIER = com.quoc.FlockingBehavior;
				PRODUCT_NAME = "$(TARGET_NAME)";
				SWIFT_SWIFT3_OBJC_INFERENCE = On;
				SWIFT_VERSION = 4.0;
			};
			name = Debug;
		};
		AB18672D1F779D9F000E0864 /* Release */ = {
			isa = XCBuildConfiguration;
			buildSettings = {
				ASSETCATALOG_COMPILER_APPICON_NAME = AppIcon;
				DEVELOPMENT_TEAM = "";
				INFOPLIST_FILE = FlockingBehavior/Info.plist;
				LD_RUNPATH_SEARCH_PATHS = "$(inherited) @executable_path/Frameworks";
				PRODUCT_BUNDLE_IDENTIFIER = com.quoc.FlockingBehavior;
				PRODUCT_NAME = "$(TARGET_NAME)";
				SWIFT_SWIFT3_OBJC_INFERENCE = On;
				SWIFT_VERSION = 4.0;
			};
			name = Release;
		};
		AB18672F1F779D9F000E0864 /* Debug */ = {
			isa = XCBuildConfiguration;
			buildSettings = {
				ALWAYS_EMBED_SWIFT_STANDARD_LIBRARIES = YES;
				BUNDLE_LOADER = "$(TEST_HOST)";
				DEVELOPMENT_TEAM = 2U9LJ49V7G;
				INFOPLIST_FILE = FlockingBehaviorTests/Info.plist;
				LD_RUNPATH_SEARCH_PATHS = "$(inherited) @executable_path/Frameworks @loader_path/Frameworks";
				PRODUCT_BUNDLE_IDENTIFIER = com.quoc.FlockingBehaviorTests;
				PRODUCT_NAME = "$(TARGET_NAME)";
				SWIFT_SWIFT3_OBJC_INFERENCE = On;
				SWIFT_VERSION = 4.0;
				TEST_HOST = "$(BUILT_PRODUCTS_DIR)/FlockingBehavior.app/FlockingBehavior";
			};
			name = Debug;
		};
		AB1867301F779D9F000E0864 /* Release */ = {
			isa = XCBuildConfiguration;
			buildSettings = {
				ALWAYS_EMBED_SWIFT_STANDARD_LIBRARIES = YES;
				BUNDLE_LOADER = "$(TEST_HOST)";
				DEVELOPMENT_TEAM = 2U9LJ49V7G;
				INFOPLIST_FILE = FlockingBehaviorTests/Info.plist;
				LD_RUNPATH_SEARCH_PATHS = "$(inherited) @executable_path/Frameworks @loader_path/Frameworks";
				PRODUCT_BUNDLE_IDENTIFIER = com.quoc.FlockingBehaviorTests;
				PRODUCT_NAME = "$(TARGET_NAME)";
				SWIFT_SWIFT3_OBJC_INFERENCE = On;
				SWIFT_VERSION = 4.0;
				TEST_HOST = "$(BUILT_PRODUCTS_DIR)/FlockingBehavior.app/FlockingBehavior";
			};
			name = Release;
		};
		AB1867321F779D9F000E0864 /* Debug */ = {
			isa = XCBuildConfiguration;
			buildSettings = {
				ALWAYS_EMBED_SWIFT_STANDARD_LIBRARIES = YES;
				DEVELOPMENT_TEAM = 2U9LJ49V7G;
				INFOPLIST_FILE = FlockingBehaviorUITests/Info.plist;
				LD_RUNPATH_SEARCH_PATHS = "$(inherited) @executable_path/Frameworks @loader_path/Frameworks";
				PRODUCT_BUNDLE_IDENTIFIER = com.quoc.FlockingBehaviorUITests;
				PRODUCT_NAME = "$(TARGET_NAME)";
				SWIFT_SWIFT3_OBJC_INFERENCE = On;
				SWIFT_VERSION = 4.0;
				TEST_TARGET_NAME = FlockingBehavior;
			};
			name = Debug;
		};
		AB1867331F779D9F000E0864 /* Release */ = {
			isa = XCBuildConfiguration;
			buildSettings = {
				ALWAYS_EMBED_SWIFT_STANDARD_LIBRARIES = YES;
				DEVELOPMENT_TEAM = 2U9LJ49V7G;
				INFOPLIST_FILE = FlockingBehaviorUITests/Info.plist;
				LD_RUNPATH_SEARCH_PATHS = "$(inherited) @executable_path/Frameworks @loader_path/Frameworks";
				PRODUCT_BUNDLE_IDENTIFIER = com.quoc.FlockingBehaviorUITests;
				PRODUCT_NAME = "$(TARGET_NAME)";
				SWIFT_SWIFT3_OBJC_INFERENCE = On;
				SWIFT_VERSION = 4.0;
				TEST_TARGET_NAME = FlockingBehavior;
			};
			name = Release;
		};
/* End XCBuildConfiguration section */

/* Begin XCConfigurationList section */
		AB1866F81F779D9F000E0864 /* Build configuration list for PBXProject "FlockingBehavior" */ = {
			isa = XCConfigurationList;
			buildConfigurations = (
				AB1867291F779D9F000E0864 /* Debug */,
				AB18672A1F779D9F000E0864 /* Release */,
			);
			defaultConfigurationIsVisible = 0;
			defaultConfigurationName = Release;
		};
		AB18672B1F779D9F000E0864 /* Build configuration list for PBXNativeTarget "FlockingBehavior" */ = {
			isa = XCConfigurationList;
			buildConfigurations = (
				AB18672C1F779D9F000E0864 /* Debug */,
				AB18672D1F779D9F000E0864 /* Release */,
			);
			defaultConfigurationIsVisible = 0;
			defaultConfigurationName = Release;
		};
		AB18672E1F779D9F000E0864 /* Build configuration list for PBXNativeTarget "FlockingBehaviorTests" */ = {
			isa = XCConfigurationList;
			buildConfigurations = (
				AB18672F1F779D9F000E0864 /* Debug */,
				AB1867301F779D9F000E0864 /* Release */,
			);
			defaultConfigurationIsVisible = 0;
			defaultConfigurationName = Release;
		};
		AB1867311F779D9F000E0864 /* Build configuration list for PBXNativeTarget "FlockingBehaviorUITests" */ = {
			isa = XCConfigurationList;
			buildConfigurations = (
				AB1867321F779D9F000E0864 /* Debug */,
				AB1867331F779D9F000E0864 /* Release */,
			);
			defaultConfigurationIsVisible = 0;
			defaultConfigurationName = Release;
		};
/* End XCConfigurationList section */
	};
	rootObject = AB1866F51F779D9F000E0864 /* Project object */;
}
